PODS:
  - Alamofire (4.6.0)
  - AlamofireCodable (0.1.1):
    - Alamofire
  - Bamboots (0.5.0):
    - Bamboots/Core (= 0.5.0)
  - Bamboots/BambootsProtobuf (0.5.0):
    - Bamboots/Core (= 0.5.0)
    - SwiftProtobuf (= 1.0.2)
  - Bamboots/Core (0.5.0):
    - Alamofire
    - AlamofireCodable
  - SnapKit (4.0.0)
  - SwiftProtobuf (1.0.2)

DEPENDENCIES:
  - Bamboots (from `../`)
  - Bamboots/BambootsProtobuf (from `../`)
  - SnapKit

EXTERNAL SOURCES:
  Bamboots:
    :path: ../

SPEC CHECKSUMS:
  Alamofire: f41a599bd63041760b26d393ec1069d9d7b917f4
  AlamofireCodable: 55cd99b65e96dc0ef690aa3933cf65189095b4e8
  Bamboots: 12eb8041d148aa5b60e7f50919931b7c923f91e2
  SnapKit: a42d492c16e80209130a3379f73596c3454b7694
  SwiftProtobuf: e41d205c91eac0fb46823f2561712407fefdaf4e

PODFILE CHECKSUM: cc0beb97d059592e7098a53fc70ffab10bf3f03e

COCOAPODS: 1.4.0.rc.1
